
Microsoft Visual Studio Solution File, Format Version 12.00
# Visual Studio Version 16
VisualStudioVersion = 16.0.32901.82
MinimumVisualStudioVersion = 10.0.40219.1
Project("{FAE04EC0-301F-11D3-BF4B-00C04F79EFBC}") = "QuantumPhinanceTest", "QuantumPhinanceTest\QuantumPhinanceTest.csproj", "{B74F53E8-4C93-4964-9809-C2F49C64254D}"
EndProject
Global
	GlobalSection(SolutionConfigurationPlatforms) = preSolution
		Debug|Any CPU = Debug|Any CPU
		Release|Any CPU = Release|Any CPU
	EndGlobalSection
	GlobalSection(ProjectConfigurationPlatforms) = postSolution
		{B74F53E8-4C93-4964-9809-C2F49C64254D}.Debug|Any CPU.ActiveCfg = Debug|Any CPU
		{B74F53E8-4C93-4964-9809-C2F49C64254D}.Debug|Any CPU.Build.0 = Debug|Any CPU
		{B74F53E8-4C93-4964-9809-C2F49C64254D}.Release|Any CPU.ActiveCfg = Release|Any CPU
		{B74F53E8-4C93-4964-9809-C2F49C64254D}.Release|Any CPU.Build.0 = Release|Any CPU
	EndGlobalSection
	GlobalSection(SolutionProperties) = preSolution
		HideSolutionNode = FALSE
	EndGlobalSection
	GlobalSection(ExtensibilityGlobals) = postSolution
		SolutionGuid = {B3B3B277-CB2F-46D5-9499-D1BF2C86D2FD}
	EndGlobalSection
EndGlobal
